
Microsoft Visual Studio Solution File, Format Version 12.00
# Visual Studio Version 17
VisualStudioVersion = 17.10.34902.84
MinimumVisualStudioVersion = 10.0.40219.1
Project("{FAE04EC0-301F-11D3-BF4B-00C04F79EFBC}") = "ProjectFlow.Frontend", "ProjectFlow.Frontend.csproj", "{F4F02C6E-980A-497E-A9FE-BB42B35AAF1B}"
EndProject
Global
	GlobalSection(SolutionConfigurationPlatforms) = preSolution
		Debug|Any CPU = Debug|Any CPU
		Release|Any CPU = Release|Any CPU
	EndGlobalSection
	GlobalSection(ProjectConfigurationPlatforms) = postSolution
		{F4F02C6E-980A-497E-A9FE-BB42B35AAF1B}.Debug|Any CPU.ActiveCfg = Debug|Any CPU
		{F4F02C6E-980A-497E-A9FE-BB42B35AAF1B}.Debug|Any CPU.Build.0 = Debug|Any CPU
		{F4F02C6E-980A-497E-A9FE-BB42B35AAF1B}.Debug|Any CPU.Deploy.0 = Debug|Any CPU
		{F4F02C6E-980A-497E-A9FE-BB42B35AAF1B}.Release|Any CPU.ActiveCfg = Release|Any CPU
		{F4F02C6E-980A-497E-A9FE-BB42B35AAF1B}.Release|Any CPU.Build.0 = Release|Any CPU
		{F4F02C6E-980A-497E-A9FE-BB42B35AAF1B}.Release|Any CPU.Deploy.0 = Release|Any CPU
	EndGlobalSection
	GlobalSection(SolutionProperties) = preSolution
		HideSolutionNode = FALSE
	EndGlobalSection
	GlobalSection(ExtensibilityGlobals) = postSolution
		SolutionGuid = {E4539FC8-98CA-4BB4-A720-FB100C1A9445}
	EndGlobalSection
EndGlobal
