
Microsoft Visual Studio Solution File, Format Version 12.00
# Visual Studio Version 17
VisualStudioVersion = 17.10.34902.84
MinimumVisualStudioVersion = 10.0.40219.1
Project("{FAE04EC0-301F-11D3-BF4B-00C04F79EFBC}") = "ProjectFlow.Backend", "ProjectFlow.Backend.csproj", "{7314B7F4-2C5F-4536-BAE7-127B0E6FF899}"
EndProject
Global
	GlobalSection(SolutionConfigurationPlatforms) = preSolution
		Debug|Any CPU = Debug|Any CPU
		Release|Any CPU = Release|Any CPU
	EndGlobalSection
	GlobalSection(ProjectConfigurationPlatforms) = postSolution
		{7314B7F4-2C5F-4536-BAE7-127B0E6FF899}.Debug|Any CPU.ActiveCfg = Debug|Any CPU
		{7314B7F4-2C5F-4536-BAE7-127B0E6FF899}.Debug|Any CPU.Build.0 = Debug|Any CPU
		{7314B7F4-2C5F-4536-BAE7-127B0E6FF899}.Release|Any CPU.ActiveCfg = Release|Any CPU
		{7314B7F4-2C5F-4536-BAE7-127B0E6FF899}.Release|Any CPU.Build.0 = Release|Any CPU
	EndGlobalSection
	GlobalSection(SolutionProperties) = preSolution
		HideSolutionNode = FALSE
	EndGlobalSection
	GlobalSection(ExtensibilityGlobals) = postSolution
		SolutionGuid = {CE663079-E946-4813-9EBA-605E69DD2661}
	EndGlobalSection
EndGlobal
